
Microsoft Visual Studio Solution File, Format Version 12.00
# Visual Studio Version 16
VisualStudioVersion = 16.0.30011.22
MinimumVisualStudioVersion = 10.0.40219.1
Project("{FAE04EC0-301F-11D3-BF4B-00C04F79EFBC}") = "BaiTapLon", "BaiTapLon\BaiTapLon.csproj", "{A07CC9C7-6FDE-45C5-8DBA-007C9E3F83D5}"
EndProject
Global
	GlobalSection(SolutionConfigurationPlatforms) = preSolution
		Debug|Any CPU = Debug|Any CPU
		Release|Any CPU = Release|Any CPU
	EndGlobalSection
	GlobalSection(ProjectConfigurationPlatforms) = postSolution
		{A07CC9C7-6FDE-45C5-8DBA-007C9E3F83D5}.Debug|Any CPU.ActiveCfg = Debug|Any CPU
		{A07CC9C7-6FDE-45C5-8DBA-007C9E3F83D5}.Debug|Any CPU.Build.0 = Debug|Any CPU
		{A07CC9C7-6FDE-45C5-8DBA-007C9E3F83D5}.Release|Any CPU.ActiveCfg = Release|Any CPU
		{A07CC9C7-6FDE-45C5-8DBA-007C9E3F83D5}.Release|Any CPU.Build.0 = Release|Any CPU
	EndGlobalSection
	GlobalSection(SolutionProperties) = preSolution
		HideSolutionNode = FALSE
	EndGlobalSection
	GlobalSection(ExtensibilityGlobals) = postSolution
		SolutionGuid = {216FCF63-05FA-454A-91B4-E693A775B09A}
	EndGlobalSection
EndGlobal
